
Microsoft Visual Studio Solution File, Format Version 12.00
# Visual Studio 15
VisualStudioVersion = 15.0.27130.2010
MinimumVisualStudioVersion = 10.0.40219.1
Project("{9A19103F-16F7-4668-BE54-9A1E7A4F7556}") = "SolStandard", "SolStandard\SolStandard.csproj", "{3CAC3B44-8765-4DC6-A32E-0ABBBC58C605}"
EndProject
Project("{FAE04EC0-301F-11D3-BF4B-00C04F79EFBC}") = "SolStandardTest", "SolStandardTest\SolStandardTest.csproj", "{FFF3E3F2-8E5F-4132-9F06-0D9A133520EE}"
EndProject
Global
	GlobalSection(SolutionConfigurationPlatforms) = preSolution
		Debug|Any CPU = Debug|Any CPU
		Debug|x86 = Debug|x86
		Release|Any CPU = Release|Any CPU
		Release|x86 = Release|x86
	EndGlobalSection
	GlobalSection(ProjectConfigurationPlatforms) = postSolution
		{3CAC3B44-8765-4DC6-A32E-0ABBBC58C605}.Debug|Any CPU.ActiveCfg = Debug|Any CPU
		{3CAC3B44-8765-4DC6-A32E-0ABBBC58C605}.Debug|Any CPU.Build.0 = Debug|Any CPU
		{3CAC3B44-8765-4DC6-A32E-0ABBBC58C605}.Debug|x86.ActiveCfg = Debug|Any CPU
		{3CAC3B44-8765-4DC6-A32E-0ABBBC58C605}.Debug|x86.Build.0 = Debug|Any CPU
		{3CAC3B44-8765-4DC6-A32E-0ABBBC58C605}.Release|Any CPU.ActiveCfg = Release|Any CPU
		{3CAC3B44-8765-4DC6-A32E-0ABBBC58C605}.Release|Any CPU.Build.0 = Release|Any CPU
		{3CAC3B44-8765-4DC6-A32E-0ABBBC58C605}.Release|x86.ActiveCfg = Release|Any CPU
		{3CAC3B44-8765-4DC6-A32E-0ABBBC58C605}.Release|x86.Build.0 = Release|Any CPU
		{FFF3E3F2-8E5F-4132-9F06-0D9A133520EE}.Debug|Any CPU.ActiveCfg = Debug|Any CPU
		{FFF3E3F2-8E5F-4132-9F06-0D9A133520EE}.Debug|Any CPU.Build.0 = Debug|Any CPU
		{FFF3E3F2-8E5F-4132-9F06-0D9A133520EE}.Debug|x86.ActiveCfg = Debug|Any CPU
		{FFF3E3F2-8E5F-4132-9F06-0D9A133520EE}.Debug|x86.Build.0 = Debug|Any CPU
		{FFF3E3F2-8E5F-4132-9F06-0D9A133520EE}.Release|Any CPU.ActiveCfg = Release|Any CPU
		{FFF3E3F2-8E5F-4132-9F06-0D9A133520EE}.Release|Any CPU.Build.0 = Release|Any CPU
		{FFF3E3F2-8E5F-4132-9F06-0D9A133520EE}.Release|x86.ActiveCfg = Release|Any CPU
		{FFF3E3F2-8E5F-4132-9F06-0D9A133520EE}.Release|x86.Build.0 = Release|Any CPU
	EndGlobalSection
	GlobalSection(SolutionProperties) = preSolution
		HideSolutionNode = FALSE
	EndGlobalSection
	GlobalSection(ExtensibilityGlobals) = postSolution
		SolutionGuid = {7F9BBF52-6EC2-4472-B878-6F273BC84F81}
	EndGlobalSection
EndGlobal
