
Microsoft Visual Studio Solution File, Format Version 12.00
# Visual Studio 15
VisualStudioVersion = 15.0.27130.2010
MinimumVisualStudioVersion = 10.0.40219.1
Project("{FAE04EC0-301F-11D3-BF4B-00C04F79EFBC}") = "SolStandard", "SolStandard\SolStandard.csproj", "{5401DE7F-824B-45F5-9EEF-2CAAA608908D}"
EndProject
Project("{FAE04EC0-301F-11D3-BF4B-00C04F79EFBC}") = "SolStandardTest", "SolStandardTest\SolStandardTest.csproj", "{12F9D5D4-AF29-4720-AB1A-064A5106C732}"
EndProject
Global
	GlobalSection(SolutionConfigurationPlatforms) = preSolution
		Debug|Any CPU = Debug|Any CPU
		Debug|x86 = Debug|x86
		Release|Any CPU = Release|Any CPU
		Release|x86 = Release|x86
	EndGlobalSection
	GlobalSection(ProjectConfigurationPlatforms) = postSolution
		{5401DE7F-824B-45F5-9EEF-2CAAA608908D}.Debug|Any CPU.ActiveCfg = Debug|x86
		{5401DE7F-824B-45F5-9EEF-2CAAA608908D}.Debug|x86.ActiveCfg = Debug|x86
		{5401DE7F-824B-45F5-9EEF-2CAAA608908D}.Debug|x86.Build.0 = Debug|x86
		{5401DE7F-824B-45F5-9EEF-2CAAA608908D}.Release|Any CPU.ActiveCfg = Release|x86
		{5401DE7F-824B-45F5-9EEF-2CAAA608908D}.Release|x86.ActiveCfg = Release|x86
		{5401DE7F-824B-45F5-9EEF-2CAAA608908D}.Release|x86.Build.0 = Release|x86
		{5401DE7F-824B-45F5-9EEF-2CAAA608908D}.Debug|Any CPU.Build.0 = Debug|x86
		{12F9D5D4-AF29-4720-AB1A-064A5106C732}.Debug|Any CPU.ActiveCfg = Debug|Any CPU
		{12F9D5D4-AF29-4720-AB1A-064A5106C732}.Debug|Any CPU.Build.0 = Debug|Any CPU
		{12F9D5D4-AF29-4720-AB1A-064A5106C732}.Debug|x86.ActiveCfg = Debug|Any CPU
		{12F9D5D4-AF29-4720-AB1A-064A5106C732}.Debug|x86.Build.0 = Debug|Any CPU
		{12F9D5D4-AF29-4720-AB1A-064A5106C732}.Release|Any CPU.ActiveCfg = Release|Any CPU
		{12F9D5D4-AF29-4720-AB1A-064A5106C732}.Release|Any CPU.Build.0 = Release|Any CPU
		{12F9D5D4-AF29-4720-AB1A-064A5106C732}.Release|x86.ActiveCfg = Release|Any CPU
		{12F9D5D4-AF29-4720-AB1A-064A5106C732}.Release|x86.Build.0 = Release|Any CPU
	EndGlobalSection
	GlobalSection(SolutionProperties) = preSolution
		HideSolutionNode = FALSE
	EndGlobalSection
	GlobalSection(ExtensibilityGlobals) = postSolution
		SolutionGuid = {7F9BBF52-6EC2-4472-B878-6F273BC84F81}
	EndGlobalSection
EndGlobal
