
Microsoft Visual Studio Solution File, Format Version 12.00
# Visual Studio 15
VisualStudioVersion = 15.0.28307.168
MinimumVisualStudioVersion = 10.0.40219.1
Project("{9A19103F-16F7-4668-BE54-9A1E7A4F7556}") = "SolStandardCore", "SolStandardCore.csproj", "{30716DB2-2C70-4617-BC8B-C0E677D9235C}"
EndProject
Global
	GlobalSection(SolutionConfigurationPlatforms) = preSolution
		Debug|Any CPU = Debug|Any CPU
		Release|Any CPU = Release|Any CPU
	EndGlobalSection
	GlobalSection(ProjectConfigurationPlatforms) = postSolution
		{30716DB2-2C70-4617-BC8B-C0E677D9235C}.Debug|Any CPU.ActiveCfg = Debug|Any CPU
		{30716DB2-2C70-4617-BC8B-C0E677D9235C}.Debug|Any CPU.Build.0 = Debug|Any CPU
		{30716DB2-2C70-4617-BC8B-C0E677D9235C}.Release|Any CPU.ActiveCfg = Release|Any CPU
		{30716DB2-2C70-4617-BC8B-C0E677D9235C}.Release|Any CPU.Build.0 = Release|Any CPU
	EndGlobalSection
	GlobalSection(SolutionProperties) = preSolution
		HideSolutionNode = FALSE
	EndGlobalSection
	GlobalSection(ExtensibilityGlobals) = postSolution
		SolutionGuid = {C1B1BE0F-AFA3-4986-97F0-4DC45C20D95F}
	EndGlobalSection
EndGlobal
